{
    "_meta": {
        "hash": {
            "sha256": "dc74b30c3f6661ef16bca6e5581278f3d027b38a89a6f88f2784fa0bd5f6a356"
        },
        "pipfile-spec": 6,
        "requires": {
            "python_version": "3.8"
        },
        "sources": [
            {
                "name": "pypi",
                "url": "https://pypi.org/simple",
                "verify_ssl": true
            }
        ]
    },
    "default": {
        "certifi": {
            "hashes": [
                "sha256:2bbf76fd432960138b3ef6dda3dde0544f27cbf8546c458e60baf371917ba9ee",
                "sha256:50b1e4f8446b06f41be7dd6338db18e0990601dce795c2b1686458aa7e8fa7d8"
            ],
            "version": "==2021.5.30"
        },
        "chardet": {
            "hashes": [
                "sha256:0d6f53a15db4120f2b08c94f11e7d93d2c911ee118b6b30a04ec3ee8310179fa",
                "sha256:f864054d66fd9118f2e67044ac8981a54775ec5b67aed0441892edb553d21da5"
            ],
            "version": "==4.0.0"
        },
        "idna": {
            "hashes": [
                "sha256:b307872f855b18632ce0c21c5e45be78c0ea7ae4c15c828c20788b26921eb3f6",
                "sha256:b97d804b1e9b523befed77c48dacec60e6dcb0b5391d57af6a65a312a90648c0"
            ],
            "version": "==2.10"
        },
        "inotify": {
            "hashes": [
                "sha256:397f8785450e41f606fe4eb6f5e8e0a1c70b354b56495225fc6c6fe7e07db0c9",
                "sha256:974a623a338482b62e16d4eb705fb863ed33ec178680fc3e96ccdf0df6c02a07"
            ],
            "index": "pypi",
            "version": "==0.2.10"
        },
        "nose": {
            "hashes": [
                "sha256:9ff7c6cc443f8c51994b34a667bbcf45afd6d945be7477b52e97516fd17c53ac",
                "sha256:dadcddc0aefbf99eea214e0f1232b94f2fa9bd98fa8353711dacb112bfcbbb2a",
                "sha256:f1bffef9cbc82628f6e7d7b40d7e255aefaa1adb6a1b1d26c69a8b79e6208a98"
            ],
            "version": "==1.3.7"
        },
        "requests": {
            "hashes": [
                "sha256:27973dd4a904a4f13b263a19c866c13b92a39ed1c964655f025f3f8d3d75b804",
                "sha256:c210084e36a42ae6b9219e00e48287def368a26d03a048ddad7bfee44f75871e"
            ],
            "index": "pypi",
            "version": "==2.25.1"
        },
        "urllib3": {
            "hashes": [
                "sha256:753a0374df26658f99d826cfe40394a686d05985786d946fbe4165b5148f5a7c",
                "sha256:a7acd0977125325f516bda9735fa7142b909a8d01e8b2e4c8108d0984e6e0098"
            ],
            "index": "pypi",
            "version": "==1.26.5"
        },
        "watchdog": {
            "hashes": [
                "sha256:075352d18f4dd071a2a6c4ca8791437f231746264b6f57eee02d6bd2c22714a3",
                "sha256:0d1c763652c255e2af00d76cf7d05c7b4867e960092b2696db031f69661c0785",
                "sha256:218c0d9be3b5b17080133332645f3323483d648ea518d1e241a3bf66247cb357",
                "sha256:2a786da9cba25029cc6c0190eb8c3c9bd8e67cfe23e339b2add4f1bb4a4a6bcd",
                "sha256:3164d69f27daa43ecd2817346e7c4c97a8491138d53a1873cf37abb469ff7583",
                "sha256:38b257718c8b31ee5e4693f87691de550b4340b2890c46fda0ddf7ac21b74f50",
                "sha256:54c44620c1b377af4faa0fc594723905b21b0fc3b2bcee417084889c2187f2a1",
                "sha256:69099f4940e63d34b341979d077777b9b8c63c916a3c239f21916ef21f459400",
                "sha256:83249804d3f49f45de80a39494f21dd83c22e5cdccc6024edf557ae8461e25b7",
                "sha256:916d8ccd2b9f0536efb0af18b1661cda02588a1cc5c6af9b972212aa1c883e68",
                "sha256:9e167710ed335762eb39954dd22aa313fd625d1ec7372deb3782332d1d5522f3",
                "sha256:9fa5a0d741c308657c6d60de246943b5a02647fe2a697fff6e0f46ec926f1069",
                "sha256:bcab67402ac95f6e922f11078fc71d7bdcd631f0add8849033a50683b92c0e89",
                "sha256:c89f388c06ef189e8656fd5a5b333da3c5a2984a959e29ef2e80f8b4422b9574",
                "sha256:e7a0cba4546683496fa2e4759b39a1a4b6e2c250e7be15b73035500c9f2bfa28",
                "sha256:eda07ba4c309dc7a04db6eb069626b94a047fedf5b4919c5739ac2f9535c851e",
                "sha256:f1b8a0224cf2b599302ed06d1633d343a199345cab773e3a4cd7a1b0296589dd"
            ],
            "index": "pypi",
            "version": "==2.0.1"
        }
    },
    "develop": {}
}
